
Microsoft Visual Studio Solution File, Format Version 12.00
# Visual Studio Version 16
VisualStudioVersion = 16.0.33801.447
MinimumVisualStudioVersion = 10.0.40219.1
Project("{FAE04EC0-301F-11D3-BF4B-00C04F79EFBC}") = "InsertIntoArrayatStart", "InsertIntoArrayatStart.csproj", "{208CB64A-0D99-428C-B7EC-9D8A539E1B21}"
EndProject
Global
	GlobalSection(SolutionConfigurationPlatforms) = preSolution
		Debug|Any CPU = Debug|Any CPU
		Release|Any CPU = Release|Any CPU
	EndGlobalSection
	GlobalSection(ProjectConfigurationPlatforms) = postSolution
		{208CB64A-0D99-428C-B7EC-9D8A539E1B21}.Debug|Any CPU.ActiveCfg = Debug|Any CPU
		{208CB64A-0D99-428C-B7EC-9D8A539E1B21}.Debug|Any CPU.Build.0 = Debug|Any CPU
		{208CB64A-0D99-428C-B7EC-9D8A539E1B21}.Release|Any CPU.ActiveCfg = Release|Any CPU
		{208CB64A-0D99-428C-B7EC-9D8A539E1B21}.Release|Any CPU.Build.0 = Release|Any CPU
	EndGlobalSection
	GlobalSection(SolutionProperties) = preSolution
		HideSolutionNode = FALSE
	EndGlobalSection
	GlobalSection(ExtensibilityGlobals) = postSolution
		SolutionGuid = {FB0CDC99-E24C-4C39-9194-6DE5581139E3}
	EndGlobalSection
EndGlobal
